
Microsoft Visual Studio Solution File, Format Version 12.00
# Visual Studio 15
VisualStudioVersion = 15.0.28307.1022
MinimumVisualStudioVersion = 10.0.40219.1
Project("{FAE04EC0-301F-11D3-BF4B-00C04F79EFBC}") = "RES_CustomerService_BusinessExtensions", "RES.CustomerService.BusinessExtensions\RES_CustomerService_BusinessExtensions.CSPROJ", "{BE768EB2-78A2-486B-8A53-38AA3AD603BD}"
EndProject
Project("{FAE04EC0-301F-11D3-BF4B-00C04F79EFBC}") = "RES_FieldService_BusinessExtensions", "RES.FieldService.BusinessExtensions\RES_FieldService_BusinessExtensions.CSPROJ", "{743C25AC-F743-4869-AED9-462F0383FC40}"
EndProject
Project("{2150E333-8FDC-42A3-9474-1A3956D46DE8}") = "RES.CRMSolutions.Customizations", "RES.CRMSolutions.Customizations", "{801FE336-0027-443E-B825-7B90565EA2E1}"
EndProject
Project("{2150E333-8FDC-42A3-9474-1A3956D46DE8}") = "RES.CRMSolutions.Extensions", "RES.CRMSolutions.Extensions", "{A0A2E719-48D4-4FC4-A81F-1F505F2009DB}"
EndProject
Project("{FAE04EC0-301F-11D3-BF4B-00C04F79EFBC}") = "RES_CustomerService_UI", "RES.CustomerService.UI\RES_CustomerService_UI.CSPROJ", "{66B15E14-C229-40EC-B249-803994318710}"
EndProject
Project("{FAE04EC0-301F-11D3-BF4B-00C04F79EFBC}") = "RES_FieldService_UI", "RES.FieldService.UI\RES_FieldService_UI.CSPROJ", "{8F062B74-D5BC-4613-B440-143C2CD292D0}"
EndProject
Project("{FAE04EC0-301F-11D3-BF4B-00C04F79EFBC}") = "RES_CustomerService_Core", "RES.CustomerService.Core\RES_CustomerService_Core.CSPROJ", "{78B7A890-B1D8-4B62-805C-B65F5B5C3552}"
EndProject
Project("{FAE04EC0-301F-11D3-BF4B-00C04F79EFBC}") = "RES_FieldService_Core", "RES.FieldService.Core\RES_FieldService_Core.CSPROJ", "{98ECEC79-555C-4CDD-9EE5-8C1A5272D6EB}"
EndProject
Project("{88A30576-7583-4F75-8136-5EFD2C14ADFF}") = "RES.CrmPackage", "RES.CrmPackage\RES.CrmPackage.csproj", "{183FB50B-903C-4A55-9433-2F85C8EA5F71}"
EndProject
Project("{2150E333-8FDC-42A3-9474-1A3956D46DE8}") = "CoreTools", "CoreTools", "{A4169A61-1A87-4CB7-B555-5016C2DDB2BA}"
	ProjectSection(SolutionItems) = preProject
		CoreTools\SolutionPackager.exe = CoreTools\SolutionPackager.exe
	EndProjectSection
EndProject
Project("{FAE04EC0-301F-11D3-BF4B-00C04F79EFBC}") = "CCRM.REF.DataMallSync", "CCRM.REF.DataMallSync\CCRM.REF.DataMallSync.csproj", "{B6116C44-09E0-41CD-9463-BB59C244DCBA}"
EndProject
Project("{FAE04EC0-301F-11D3-BF4B-00C04F79EFBC}") = "CCRM.REF.OptimizedPlugins", "CCRM.REF.OptimizedPlugins\CCRM.REF.OptimizedPlugins.csproj", "{748CCB6C-9EF8-4DF0-9C18-FAF777C01AA2}"
EndProject
Project("{FAE04EC0-301F-11D3-BF4B-00C04F79EFBC}") = "CCRM.REFFS.Plugins", "CCRM.REFFS.Plugins\CCRM.REFFS.Plugins.csproj", "{5C4B85D2-2915-49F8-845A-27E044CCB241}"
EndProject
Project("{FAE04EC0-301F-11D3-BF4B-00C04F79EFBC}") = "CCRM.REFFS.Workflows", "CCRM.REFFS.Workflows\CCRM.REFFS.Workflows.csproj", "{EFB21127-57B7-42DE-962B-6AC37553563C}"
EndProject
Project("{FAE04EC0-301F-11D3-BF4B-00C04F79EFBC}") = "CCRM.REF.TelemetryLog", "CCRM.REF.TelemetryLog\CCRM.REF.TelemetryLog.csproj", "{F607A0E1-55E2-42B4-A97F-AC53E6B4A11C}"
EndProject
Project("{FAE04EC0-301F-11D3-BF4B-00C04F79EFBC}") = "CCRM.REF.DataMallSync.Test", "CCRM.REF.DataMallSync.Test\CCRM.REF.DataMallSync.Test.csproj", "{60DE7C88-2FF2-4F6B-8382-837033C51929}"
EndProject
Project("{FAE04EC0-301F-11D3-BF4B-00C04F79EFBC}") = "CCRM.REF.OptimizedPlugins.Test", "CCRM.REF.OptimizedPlugins.Test\CCRM.REF.OptimizedPlugins.Test.csproj", "{769B67C0-05AB-4922-AF86-58A33B642671}"
EndProject
Project("{FAE04EC0-301F-11D3-BF4B-00C04F79EFBC}") = "CCRM.REFFS.Plugins.Test", "CCRM.REFFS.Plugins.Test\CCRM.REFFS.Plugins.Test.csproj", "{E674285C-3596-4A07-B8C8-31B0EF9E2EC8}"
EndProject
Project("{FAE04EC0-301F-11D3-BF4B-00C04F79EFBC}") = "CCRM.REFFS.Workflows.Test", "CCRM.REFFS.Workflows.Test\CCRM.REFFS.Workflows.Test.csproj", "{6A45CADD-9032-4D2A-A913-067FB2968B2B}"
EndProject
Global
	GlobalSection(SolutionConfigurationPlatforms) = preSolution
		Debug|Any CPU = Debug|Any CPU
		Release|Any CPU = Release|Any CPU
	EndGlobalSection
	GlobalSection(ProjectConfigurationPlatforms) = postSolution
		{BE768EB2-78A2-486B-8A53-38AA3AD603BD}.Debug|Any CPU.ActiveCfg = Debug|Any CPU
		{BE768EB2-78A2-486B-8A53-38AA3AD603BD}.Debug|Any CPU.Build.0 = Debug|Any CPU
		{BE768EB2-78A2-486B-8A53-38AA3AD603BD}.Release|Any CPU.ActiveCfg = Release|Any CPU
		{BE768EB2-78A2-486B-8A53-38AA3AD603BD}.Release|Any CPU.Build.0 = Release|Any CPU
		{743C25AC-F743-4869-AED9-462F0383FC40}.Debug|Any CPU.ActiveCfg = Debug|Any CPU
		{743C25AC-F743-4869-AED9-462F0383FC40}.Debug|Any CPU.Build.0 = Debug|Any CPU
		{743C25AC-F743-4869-AED9-462F0383FC40}.Release|Any CPU.ActiveCfg = Release|Any CPU
		{743C25AC-F743-4869-AED9-462F0383FC40}.Release|Any CPU.Build.0 = Release|Any CPU
		{66B15E14-C229-40EC-B249-803994318710}.Debug|Any CPU.ActiveCfg = Debug|Any CPU
		{66B15E14-C229-40EC-B249-803994318710}.Debug|Any CPU.Build.0 = Debug|Any CPU
		{66B15E14-C229-40EC-B249-803994318710}.Release|Any CPU.ActiveCfg = Release|Any CPU
		{66B15E14-C229-40EC-B249-803994318710}.Release|Any CPU.Build.0 = Release|Any CPU
		{8F062B74-D5BC-4613-B440-143C2CD292D0}.Debug|Any CPU.ActiveCfg = Debug|Any CPU
		{8F062B74-D5BC-4613-B440-143C2CD292D0}.Debug|Any CPU.Build.0 = Debug|Any CPU
		{8F062B74-D5BC-4613-B440-143C2CD292D0}.Release|Any CPU.ActiveCfg = Release|Any CPU
		{8F062B74-D5BC-4613-B440-143C2CD292D0}.Release|Any CPU.Build.0 = Release|Any CPU
		{78B7A890-B1D8-4B62-805C-B65F5B5C3552}.Debug|Any CPU.ActiveCfg = Debug|Any CPU
		{78B7A890-B1D8-4B62-805C-B65F5B5C3552}.Debug|Any CPU.Build.0 = Debug|Any CPU
		{78B7A890-B1D8-4B62-805C-B65F5B5C3552}.Release|Any CPU.ActiveCfg = Release|Any CPU
		{78B7A890-B1D8-4B62-805C-B65F5B5C3552}.Release|Any CPU.Build.0 = Release|Any CPU
		{98ECEC79-555C-4CDD-9EE5-8C1A5272D6EB}.Debug|Any CPU.ActiveCfg = Debug|Any CPU
		{98ECEC79-555C-4CDD-9EE5-8C1A5272D6EB}.Debug|Any CPU.Build.0 = Debug|Any CPU
		{98ECEC79-555C-4CDD-9EE5-8C1A5272D6EB}.Release|Any CPU.ActiveCfg = Release|Any CPU
		{98ECEC79-555C-4CDD-9EE5-8C1A5272D6EB}.Release|Any CPU.Build.0 = Release|Any CPU
		{183FB50B-903C-4A55-9433-2F85C8EA5F71}.Debug|Any CPU.ActiveCfg = Debug|Any CPU
		{183FB50B-903C-4A55-9433-2F85C8EA5F71}.Debug|Any CPU.Build.0 = Debug|Any CPU
		{183FB50B-903C-4A55-9433-2F85C8EA5F71}.Debug|Any CPU.Deploy.0 = Debug|Any CPU
		{183FB50B-903C-4A55-9433-2F85C8EA5F71}.Release|Any CPU.ActiveCfg = Release|Any CPU
		{183FB50B-903C-4A55-9433-2F85C8EA5F71}.Release|Any CPU.Build.0 = Release|Any CPU
		{183FB50B-903C-4A55-9433-2F85C8EA5F71}.Release|Any CPU.Deploy.0 = Release|Any CPU
		{B6116C44-09E0-41CD-9463-BB59C244DCBA}.Debug|Any CPU.ActiveCfg = Debug|Any CPU
		{B6116C44-09E0-41CD-9463-BB59C244DCBA}.Debug|Any CPU.Build.0 = Debug|Any CPU
		{B6116C44-09E0-41CD-9463-BB59C244DCBA}.Release|Any CPU.ActiveCfg = Release|Any CPU
		{B6116C44-09E0-41CD-9463-BB59C244DCBA}.Release|Any CPU.Build.0 = Release|Any CPU
		{748CCB6C-9EF8-4DF0-9C18-FAF777C01AA2}.Debug|Any CPU.ActiveCfg = Debug|Any CPU
		{748CCB6C-9EF8-4DF0-9C18-FAF777C01AA2}.Debug|Any CPU.Build.0 = Debug|Any CPU
		{748CCB6C-9EF8-4DF0-9C18-FAF777C01AA2}.Release|Any CPU.ActiveCfg = Release|Any CPU
		{748CCB6C-9EF8-4DF0-9C18-FAF777C01AA2}.Release|Any CPU.Build.0 = Release|Any CPU
		{5C4B85D2-2915-49F8-845A-27E044CCB241}.Debug|Any CPU.ActiveCfg = Debug|Any CPU
		{5C4B85D2-2915-49F8-845A-27E044CCB241}.Debug|Any CPU.Build.0 = Debug|Any CPU
		{5C4B85D2-2915-49F8-845A-27E044CCB241}.Release|Any CPU.ActiveCfg = Release|Any CPU
		{5C4B85D2-2915-49F8-845A-27E044CCB241}.Release|Any CPU.Build.0 = Release|Any CPU
		{EFB21127-57B7-42DE-962B-6AC37553563C}.Debug|Any CPU.ActiveCfg = Debug|Any CPU
		{EFB21127-57B7-42DE-962B-6AC37553563C}.Debug|Any CPU.Build.0 = Debug|Any CPU
		{EFB21127-57B7-42DE-962B-6AC37553563C}.Release|Any CPU.ActiveCfg = Release|Any CPU
		{EFB21127-57B7-42DE-962B-6AC37553563C}.Release|Any CPU.Build.0 = Release|Any CPU
		{F607A0E1-55E2-42B4-A97F-AC53E6B4A11C}.Debug|Any CPU.ActiveCfg = Debug|Any CPU
		{F607A0E1-55E2-42B4-A97F-AC53E6B4A11C}.Debug|Any CPU.Build.0 = Debug|Any CPU
		{F607A0E1-55E2-42B4-A97F-AC53E6B4A11C}.Release|Any CPU.ActiveCfg = Release|Any CPU
		{F607A0E1-55E2-42B4-A97F-AC53E6B4A11C}.Release|Any CPU.Build.0 = Release|Any CPU
		{60DE7C88-2FF2-4F6B-8382-837033C51929}.Debug|Any CPU.ActiveCfg = Debug|Any CPU
		{60DE7C88-2FF2-4F6B-8382-837033C51929}.Debug|Any CPU.Build.0 = Debug|Any CPU
		{60DE7C88-2FF2-4F6B-8382-837033C51929}.Release|Any CPU.ActiveCfg = Release|Any CPU
		{60DE7C88-2FF2-4F6B-8382-837033C51929}.Release|Any CPU.Build.0 = Release|Any CPU
		{769B67C0-05AB-4922-AF86-58A33B642671}.Debug|Any CPU.ActiveCfg = Debug|Any CPU
		{769B67C0-05AB-4922-AF86-58A33B642671}.Debug|Any CPU.Build.0 = Debug|Any CPU
		{769B67C0-05AB-4922-AF86-58A33B642671}.Release|Any CPU.ActiveCfg = Release|Any CPU
		{769B67C0-05AB-4922-AF86-58A33B642671}.Release|Any CPU.Build.0 = Release|Any CPU
		{E674285C-3596-4A07-B8C8-31B0EF9E2EC8}.Debug|Any CPU.ActiveCfg = Debug|Any CPU
		{E674285C-3596-4A07-B8C8-31B0EF9E2EC8}.Debug|Any CPU.Build.0 = Debug|Any CPU
		{E674285C-3596-4A07-B8C8-31B0EF9E2EC8}.Release|Any CPU.ActiveCfg = Release|Any CPU
		{E674285C-3596-4A07-B8C8-31B0EF9E2EC8}.Release|Any CPU.Build.0 = Release|Any CPU
		{6A45CADD-9032-4D2A-A913-067FB2968B2B}.Debug|Any CPU.ActiveCfg = Debug|Any CPU
		{6A45CADD-9032-4D2A-A913-067FB2968B2B}.Debug|Any CPU.Build.0 = Debug|Any CPU
		{6A45CADD-9032-4D2A-A913-067FB2968B2B}.Release|Any CPU.ActiveCfg = Release|Any CPU
		{6A45CADD-9032-4D2A-A913-067FB2968B2B}.Release|Any CPU.Build.0 = Release|Any CPU
	EndGlobalSection
	GlobalSection(SolutionProperties) = preSolution
		HideSolutionNode = FALSE
	EndGlobalSection
	GlobalSection(NestedProjects) = preSolution
		{BE768EB2-78A2-486B-8A53-38AA3AD603BD} = {801FE336-0027-443E-B825-7B90565EA2E1}
		{743C25AC-F743-4869-AED9-462F0383FC40} = {801FE336-0027-443E-B825-7B90565EA2E1}
		{66B15E14-C229-40EC-B249-803994318710} = {801FE336-0027-443E-B825-7B90565EA2E1}
		{8F062B74-D5BC-4613-B440-143C2CD292D0} = {801FE336-0027-443E-B825-7B90565EA2E1}
		{78B7A890-B1D8-4B62-805C-B65F5B5C3552} = {801FE336-0027-443E-B825-7B90565EA2E1}
		{98ECEC79-555C-4CDD-9EE5-8C1A5272D6EB} = {801FE336-0027-443E-B825-7B90565EA2E1}
		{183FB50B-903C-4A55-9433-2F85C8EA5F71} = {A0A2E719-48D4-4FC4-A81F-1F505F2009DB}
		{A4169A61-1A87-4CB7-B555-5016C2DDB2BA} = {801FE336-0027-443E-B825-7B90565EA2E1}
		{B6116C44-09E0-41CD-9463-BB59C244DCBA} = {A0A2E719-48D4-4FC4-A81F-1F505F2009DB}
		{748CCB6C-9EF8-4DF0-9C18-FAF777C01AA2} = {A0A2E719-48D4-4FC4-A81F-1F505F2009DB}
		{5C4B85D2-2915-49F8-845A-27E044CCB241} = {A0A2E719-48D4-4FC4-A81F-1F505F2009DB}
		{EFB21127-57B7-42DE-962B-6AC37553563C} = {A0A2E719-48D4-4FC4-A81F-1F505F2009DB}
		{F607A0E1-55E2-42B4-A97F-AC53E6B4A11C} = {A0A2E719-48D4-4FC4-A81F-1F505F2009DB}
		{60DE7C88-2FF2-4F6B-8382-837033C51929} = {A0A2E719-48D4-4FC4-A81F-1F505F2009DB}
		{769B67C0-05AB-4922-AF86-58A33B642671} = {A0A2E719-48D4-4FC4-A81F-1F505F2009DB}
		{E674285C-3596-4A07-B8C8-31B0EF9E2EC8} = {A0A2E719-48D4-4FC4-A81F-1F505F2009DB}
		{6A45CADD-9032-4D2A-A913-067FB2968B2B} = {A0A2E719-48D4-4FC4-A81F-1F505F2009DB}
	EndGlobalSection
	GlobalSection(ExtensibilityGlobals) = postSolution
		SolutionGuid = {AEC9C8C9-99D8-4CE9-B6C9-32AB39577223}
	EndGlobalSection
	GlobalSection(CRMSolutionProperties) = preSolution
		SolutionIsBoundToCRM = True
	EndGlobalSection
EndGlobal
